
Microsoft Visual Studio Solution File, Format Version 12.00
# Visual Studio 15
VisualStudioVersion = 15.0.27130.2027
MinimumVisualStudioVersion = 10.0.40219.1
Project("{FAE04EC0-301F-11D3-BF4B-00C04F79EFBC}") = "HOST", "HOST\HOST.csproj", "{C2B825F1-193D-4498-AB3F-BADDC3BE680E}"
EndProject
Project("{FAE04EC0-301F-11D3-BF4B-00C04F79EFBC}") = "Mangaer.Contract", "Mangaer.Contract\Mangaer.Contract.csproj", "{A405D3F7-4192-4BE4-BAD5-155A2F603255}"
EndProject
Project("{FAE04EC0-301F-11D3-BF4B-00C04F79EFBC}") = "Manager.Implement", "Manager.Implement\Manager.Implement.csproj", "{DC73B3F3-8A52-4BF6-9853-D447287A296B}"
EndProject
Project("{FAE04EC0-301F-11D3-BF4B-00C04F79EFBC}") = "Mamager.Test", "Mamager.Test\Mamager.Test.csproj", "{B1145C02-1F9F-4738-9DA9-E22D64A6CEE8}"
EndProject
Project("{2150E333-8FDC-42A3-9474-1A3956D46DE8}") = "Manager", "Manager", "{A8A202F0-6B86-4A0D-9B6C-49121F286D63}"
EndProject
Project("{FAE04EC0-301F-11D3-BF4B-00C04F79EFBC}") = "Manager.Servces", "Manager.Servces\Manager.Servces.csproj", "{6651727E-A811-4F4A-A955-B986CF6BC078}"
EndProject
Project("{FAE04EC0-301F-11D3-BF4B-00C04F79EFBC}") = "Base.Info", "Base.Info\Base.Info.csproj", "{7EC5D240-6090-4C07-97A5-AF7F80555C6D}"
EndProject
Project("{FAE04EC0-301F-11D3-BF4B-00C04F79EFBC}") = "Base.SqlServer", "Base.SqlServer\Base.SqlServer.csproj", "{8F946574-70B9-4555-9209-7379830F350C}"
EndProject
Project("{FAE04EC0-301F-11D3-BF4B-00C04F79EFBC}") = "Base.Logging", "Base.Logging\Base.Logging.csproj", "{E540912E-2607-413A-9216-CBC013266A75}"
EndProject
Project("{FAE04EC0-301F-11D3-BF4B-00C04F79EFBC}") = "Base.Expand", "Base.Expand\Base.Expand.csproj", "{5465936B-7DBA-41FF-8659-E78336D934B2}"
EndProject
Project("{FAE04EC0-301F-11D3-BF4B-00C04F79EFBC}") = "Base.EntityFramework", "Base.EntityFramework\Base.EntityFramework.csproj", "{0025DEAE-6889-4506-A35B-4FE24CD335E5}"
EndProject
Project("{2150E333-8FDC-42A3-9474-1A3956D46DE8}") = "Base", "Base", "{AEB687F2-E35B-4572-A9BF-6647604625FC}"
EndProject
Project("{FAE04EC0-301F-11D3-BF4B-00C04F79EFBC}") = "Manager.Model", "Manager.Model\Manager.Model.csproj", "{F5185DD2-0BA2-4333-A8F3-1B30F76794BC}"
EndProject
Project("{FAE04EC0-301F-11D3-BF4B-00C04F79EFBC}") = "Manager.DoXMl", "Manager.DoXMl\Manager.DoXMl.csproj", "{DB2F98EE-36C0-4793-9E23-24F3707F1670}"
EndProject
Global
	GlobalSection(SolutionConfigurationPlatforms) = preSolution
		Debug|Any CPU = Debug|Any CPU
		Release|Any CPU = Release|Any CPU
	EndGlobalSection
	GlobalSection(ProjectConfigurationPlatforms) = postSolution
		{C2B825F1-193D-4498-AB3F-BADDC3BE680E}.Debug|Any CPU.ActiveCfg = Debug|Any CPU
		{C2B825F1-193D-4498-AB3F-BADDC3BE680E}.Debug|Any CPU.Build.0 = Debug|Any CPU
		{C2B825F1-193D-4498-AB3F-BADDC3BE680E}.Release|Any CPU.ActiveCfg = Release|Any CPU
		{C2B825F1-193D-4498-AB3F-BADDC3BE680E}.Release|Any CPU.Build.0 = Release|Any CPU
		{A405D3F7-4192-4BE4-BAD5-155A2F603255}.Debug|Any CPU.ActiveCfg = Debug|Any CPU
		{A405D3F7-4192-4BE4-BAD5-155A2F603255}.Debug|Any CPU.Build.0 = Debug|Any CPU
		{A405D3F7-4192-4BE4-BAD5-155A2F603255}.Release|Any CPU.ActiveCfg = Release|Any CPU
		{A405D3F7-4192-4BE4-BAD5-155A2F603255}.Release|Any CPU.Build.0 = Release|Any CPU
		{DC73B3F3-8A52-4BF6-9853-D447287A296B}.Debug|Any CPU.ActiveCfg = Debug|Any CPU
		{DC73B3F3-8A52-4BF6-9853-D447287A296B}.Debug|Any CPU.Build.0 = Debug|Any CPU
		{DC73B3F3-8A52-4BF6-9853-D447287A296B}.Release|Any CPU.ActiveCfg = Release|Any CPU
		{DC73B3F3-8A52-4BF6-9853-D447287A296B}.Release|Any CPU.Build.0 = Release|Any CPU
		{B1145C02-1F9F-4738-9DA9-E22D64A6CEE8}.Debug|Any CPU.ActiveCfg = Debug|Any CPU
		{B1145C02-1F9F-4738-9DA9-E22D64A6CEE8}.Debug|Any CPU.Build.0 = Debug|Any CPU
		{B1145C02-1F9F-4738-9DA9-E22D64A6CEE8}.Release|Any CPU.ActiveCfg = Release|Any CPU
		{B1145C02-1F9F-4738-9DA9-E22D64A6CEE8}.Release|Any CPU.Build.0 = Release|Any CPU
		{6651727E-A811-4F4A-A955-B986CF6BC078}.Debug|Any CPU.ActiveCfg = Debug|Any CPU
		{6651727E-A811-4F4A-A955-B986CF6BC078}.Debug|Any CPU.Build.0 = Debug|Any CPU
		{6651727E-A811-4F4A-A955-B986CF6BC078}.Release|Any CPU.ActiveCfg = Release|Any CPU
		{6651727E-A811-4F4A-A955-B986CF6BC078}.Release|Any CPU.Build.0 = Release|Any CPU
		{7EC5D240-6090-4C07-97A5-AF7F80555C6D}.Debug|Any CPU.ActiveCfg = Debug|Any CPU
		{7EC5D240-6090-4C07-97A5-AF7F80555C6D}.Debug|Any CPU.Build.0 = Debug|Any CPU
		{7EC5D240-6090-4C07-97A5-AF7F80555C6D}.Release|Any CPU.ActiveCfg = Release|Any CPU
		{7EC5D240-6090-4C07-97A5-AF7F80555C6D}.Release|Any CPU.Build.0 = Release|Any CPU
		{8F946574-70B9-4555-9209-7379830F350C}.Debug|Any CPU.ActiveCfg = Debug|Any CPU
		{8F946574-70B9-4555-9209-7379830F350C}.Debug|Any CPU.Build.0 = Debug|Any CPU
		{8F946574-70B9-4555-9209-7379830F350C}.Release|Any CPU.ActiveCfg = Release|Any CPU
		{8F946574-70B9-4555-9209-7379830F350C}.Release|Any CPU.Build.0 = Release|Any CPU
		{E540912E-2607-413A-9216-CBC013266A75}.Debug|Any CPU.ActiveCfg = Debug|Any CPU
		{E540912E-2607-413A-9216-CBC013266A75}.Debug|Any CPU.Build.0 = Debug|Any CPU
		{E540912E-2607-413A-9216-CBC013266A75}.Release|Any CPU.ActiveCfg = Release|Any CPU
		{E540912E-2607-413A-9216-CBC013266A75}.Release|Any CPU.Build.0 = Release|Any CPU
		{5465936B-7DBA-41FF-8659-E78336D934B2}.Debug|Any CPU.ActiveCfg = Debug|Any CPU
		{5465936B-7DBA-41FF-8659-E78336D934B2}.Debug|Any CPU.Build.0 = Debug|Any CPU
		{5465936B-7DBA-41FF-8659-E78336D934B2}.Release|Any CPU.ActiveCfg = Release|Any CPU
		{5465936B-7DBA-41FF-8659-E78336D934B2}.Release|Any CPU.Build.0 = Release|Any CPU
		{0025DEAE-6889-4506-A35B-4FE24CD335E5}.Debug|Any CPU.ActiveCfg = Debug|Any CPU
		{0025DEAE-6889-4506-A35B-4FE24CD335E5}.Debug|Any CPU.Build.0 = Debug|Any CPU
		{0025DEAE-6889-4506-A35B-4FE24CD335E5}.Release|Any CPU.ActiveCfg = Release|Any CPU
		{0025DEAE-6889-4506-A35B-4FE24CD335E5}.Release|Any CPU.Build.0 = Release|Any CPU
		{F5185DD2-0BA2-4333-A8F3-1B30F76794BC}.Debug|Any CPU.ActiveCfg = Debug|Any CPU
		{F5185DD2-0BA2-4333-A8F3-1B30F76794BC}.Debug|Any CPU.Build.0 = Debug|Any CPU
		{F5185DD2-0BA2-4333-A8F3-1B30F76794BC}.Release|Any CPU.ActiveCfg = Release|Any CPU
		{F5185DD2-0BA2-4333-A8F3-1B30F76794BC}.Release|Any CPU.Build.0 = Release|Any CPU
		{DB2F98EE-36C0-4793-9E23-24F3707F1670}.Debug|Any CPU.ActiveCfg = Debug|Any CPU
		{DB2F98EE-36C0-4793-9E23-24F3707F1670}.Debug|Any CPU.Build.0 = Debug|Any CPU
		{DB2F98EE-36C0-4793-9E23-24F3707F1670}.Release|Any CPU.ActiveCfg = Release|Any CPU
		{DB2F98EE-36C0-4793-9E23-24F3707F1670}.Release|Any CPU.Build.0 = Release|Any CPU
	EndGlobalSection
	GlobalSection(SolutionProperties) = preSolution
		HideSolutionNode = FALSE
	EndGlobalSection
	GlobalSection(NestedProjects) = preSolution
		{A405D3F7-4192-4BE4-BAD5-155A2F603255} = {A8A202F0-6B86-4A0D-9B6C-49121F286D63}
		{DC73B3F3-8A52-4BF6-9853-D447287A296B} = {A8A202F0-6B86-4A0D-9B6C-49121F286D63}
		{6651727E-A811-4F4A-A955-B986CF6BC078} = {A8A202F0-6B86-4A0D-9B6C-49121F286D63}
		{7EC5D240-6090-4C07-97A5-AF7F80555C6D} = {AEB687F2-E35B-4572-A9BF-6647604625FC}
		{8F946574-70B9-4555-9209-7379830F350C} = {AEB687F2-E35B-4572-A9BF-6647604625FC}
		{E540912E-2607-413A-9216-CBC013266A75} = {AEB687F2-E35B-4572-A9BF-6647604625FC}
		{5465936B-7DBA-41FF-8659-E78336D934B2} = {AEB687F2-E35B-4572-A9BF-6647604625FC}
		{0025DEAE-6889-4506-A35B-4FE24CD335E5} = {AEB687F2-E35B-4572-A9BF-6647604625FC}
		{DB2F98EE-36C0-4793-9E23-24F3707F1670} = {AEB687F2-E35B-4572-A9BF-6647604625FC}
	EndGlobalSection
	GlobalSection(ExtensibilityGlobals) = postSolution
		SolutionGuid = {A896A644-1789-4644-8FFA-3E0E2D0C591C}
	EndGlobalSection
EndGlobal
